
Microsoft Visual Studio Solution File, Format Version 12.00
# Visual Studio Version 17
VisualStudioVersion = 17.5.33103.201
MinimumVisualStudioVersion = 10.0.40219.1
Project("{2150E333-8FDC-42A3-9474-1A3956D46DE8}") = "global", "global", "{6C0D4F50-D7DC-40C8-A004-D86D5D970412}"
	ProjectSection(SolutionItems) = preProject
		.editorconfig = .editorconfig
		.gitignore = .gitignore
		Directory.Build.props = Directory.Build.props
		global.json = global.json
		nuget.config = nuget.config
		pack.cmd = pack.cmd
		pack.ps1 = pack.ps1
		readme.md = readme.md
		version.json = version.json
	EndProjectSection
EndProject
Project("{2150E333-8FDC-42A3-9474-1A3956D46DE8}") = "src", "src", "{8F29EFED-0BDF-44FF-9BAC-CCDF8965D64D}"
EndProject
Project("{9A19103F-16F7-4668-BE54-9A1E7A4F7556}") = "Demikernel", "src\Demikernel\Demikernel.csproj", "{475CAA00-7BC9-4527-A007-BCC40F064E17}"
EndProject
Project("{2150E333-8FDC-42A3-9474-1A3956D46DE8}") = "test", "test", "{99BC5814-DF8F-4454-AE65-17D51615A017}"
EndProject
Project("{9A19103F-16F7-4668-BE54-9A1E7A4F7556}") = "Demikernel.Test", "test\Demikernel.Test\Demikernel.Test.csproj", "{B52E7AC5-F3A1-4BCF-9753-30F537BB04A6}"
EndProject
Global
	GlobalSection(SolutionConfigurationPlatforms) = preSolution
		Debug|Any CPU = Debug|Any CPU
		Release|Any CPU = Release|Any CPU
	EndGlobalSection
	GlobalSection(ProjectConfigurationPlatforms) = postSolution
		{475CAA00-7BC9-4527-A007-BCC40F064E17}.Debug|Any CPU.ActiveCfg = Debug|Any CPU
		{475CAA00-7BC9-4527-A007-BCC40F064E17}.Debug|Any CPU.Build.0 = Debug|Any CPU
		{475CAA00-7BC9-4527-A007-BCC40F064E17}.Release|Any CPU.ActiveCfg = Release|Any CPU
		{475CAA00-7BC9-4527-A007-BCC40F064E17}.Release|Any CPU.Build.0 = Release|Any CPU
		{B52E7AC5-F3A1-4BCF-9753-30F537BB04A6}.Debug|Any CPU.ActiveCfg = Debug|Any CPU
		{B52E7AC5-F3A1-4BCF-9753-30F537BB04A6}.Debug|Any CPU.Build.0 = Debug|Any CPU
		{B52E7AC5-F3A1-4BCF-9753-30F537BB04A6}.Release|Any CPU.ActiveCfg = Release|Any CPU
		{B52E7AC5-F3A1-4BCF-9753-30F537BB04A6}.Release|Any CPU.Build.0 = Release|Any CPU
	EndGlobalSection
	GlobalSection(SolutionProperties) = preSolution
		HideSolutionNode = FALSE
	EndGlobalSection
	GlobalSection(NestedProjects) = preSolution
		{475CAA00-7BC9-4527-A007-BCC40F064E17} = {8F29EFED-0BDF-44FF-9BAC-CCDF8965D64D}
		{B52E7AC5-F3A1-4BCF-9753-30F537BB04A6} = {99BC5814-DF8F-4454-AE65-17D51615A017}
	EndGlobalSection
	GlobalSection(ExtensibilityGlobals) = postSolution
		SolutionGuid = {B613A04D-85B0-490C-92E6-CD780A9F447C}
	EndGlobalSection
EndGlobal
