# This file is automatically @generated by Cargo.
# It is not intended for manual editing.
[[package]]
name = "custom_error"
version = "1.6.0"
source = "registry+https://github.com/rust-lang/crates.io-index"

[[package]]
name = "qip"
version = "0.1.0"
dependencies = [
 "custom_error 1.6.0 (registry+https://github.com/rust-lang/crates.io-index)",
]

[metadata]
"checksum custom_error 1.6.0 (registry+https://github.com/rust-lang/crates.io-index)" = "c189751d60563837f66c7ebf87f6a6e4c101e937d54521e88620e89c79b8a2ad"
